
Microsoft Visual Studio Solution File, Format Version 12.00
# Visual Studio 14
VisualStudioVersion = 14.0.25420.1
MinimumVisualStudioVersion = 10.0.40219.1
Project("{2150E333-8FDC-42A3-9474-1A3956D46DE8}") = "Bot", "Bot", "{CA285357-7BDD-42EC-AEBC-4CE404F391BD}"
EndProject
Project("{FAE04EC0-301F-11D3-BF4B-00C04F79EFBC}") = "BotTest1", "Bot\BotTest1\BotTest1.csproj", "{A8BA1066-5695-4D71-ABB4-65E5A5E0C3D4}"
EndProject
Project("{FAE04EC0-301F-11D3-BF4B-00C04F79EFBC}") = "BotClient", "Bot\BotClient\BotClient.csproj", "{01296631-9383-4630-88B7-909B9AA67F87}"
EndProject
Project("{FAE04EC0-301F-11D3-BF4B-00C04F79EFBC}") = "BotSpeech1", "Bot\BotSpeech1\BotSpeech1.csproj", "{6DA8A54A-5870-448C-B95F-D86B9701FAB1}"
EndProject
Project("{2150E333-8FDC-42A3-9474-1A3956D46DE8}") = "Web", "Web", "{C7B647EB-E459-4CD4-A601-546A1E9641CC}"
EndProject
Project("{FAE04EC0-301F-11D3-BF4B-00C04F79EFBC}") = "bbjcicc", "Web\bbjcicc\bbjcicc.csproj", "{3E71397F-2CBD-4501-A0EE-BA731AA0B4B9}"
EndProject
Project("{FAE04EC0-301F-11D3-BF4B-00C04F79EFBC}") = "bbjciccTest", "Bot\bbjciccTest\bbjciccTest.csproj", "{1B63F5BF-D0C6-4587-B7F8-D52717F55C4E}"
EndProject
Project("{FAE04EC0-301F-11D3-BF4B-00C04F79EFBC}") = "BotClientWeb", "Web\BotClientWeb\BotClientWeb.csproj", "{38315320-CB9B-447A-B0A9-DF51706FDFD6}"
EndProject
Project("{FAE04EC0-301F-11D3-BF4B-00C04F79EFBC}") = "Microsoft.ProjectOxford.Emotion", "Bot\ClientLibrary\Microsoft.ProjectOxford.Emotion.csproj", "{E8A414B0-1281-4586-A030-C5AC32588E55}"
EndProject
Project("{FAE04EC0-301F-11D3-BF4B-00C04F79EFBC}") = "BalaBot", "Web\BalaBot\BalaBot.csproj", "{B9700C80-F9F2-4D7F-863A-1206002EFA73}"
EndProject
Global
	GlobalSection(SolutionConfigurationPlatforms) = preSolution
		Debug|Any CPU = Debug|Any CPU
		Release|Any CPU = Release|Any CPU
	EndGlobalSection
	GlobalSection(ProjectConfigurationPlatforms) = postSolution
		{A8BA1066-5695-4D71-ABB4-65E5A5E0C3D4}.Debug|Any CPU.ActiveCfg = Debug|Any CPU
		{A8BA1066-5695-4D71-ABB4-65E5A5E0C3D4}.Debug|Any CPU.Build.0 = Debug|Any CPU
		{A8BA1066-5695-4D71-ABB4-65E5A5E0C3D4}.Release|Any CPU.ActiveCfg = Release|Any CPU
		{A8BA1066-5695-4D71-ABB4-65E5A5E0C3D4}.Release|Any CPU.Build.0 = Release|Any CPU
		{01296631-9383-4630-88B7-909B9AA67F87}.Debug|Any CPU.ActiveCfg = Debug|Any CPU
		{01296631-9383-4630-88B7-909B9AA67F87}.Debug|Any CPU.Build.0 = Debug|Any CPU
		{01296631-9383-4630-88B7-909B9AA67F87}.Release|Any CPU.ActiveCfg = Release|Any CPU
		{01296631-9383-4630-88B7-909B9AA67F87}.Release|Any CPU.Build.0 = Release|Any CPU
		{6DA8A54A-5870-448C-B95F-D86B9701FAB1}.Debug|Any CPU.ActiveCfg = Debug|Any CPU
		{6DA8A54A-5870-448C-B95F-D86B9701FAB1}.Debug|Any CPU.Build.0 = Debug|Any CPU
		{6DA8A54A-5870-448C-B95F-D86B9701FAB1}.Release|Any CPU.ActiveCfg = Release|Any CPU
		{6DA8A54A-5870-448C-B95F-D86B9701FAB1}.Release|Any CPU.Build.0 = Release|Any CPU
		{3E71397F-2CBD-4501-A0EE-BA731AA0B4B9}.Debug|Any CPU.ActiveCfg = Debug|Any CPU
		{3E71397F-2CBD-4501-A0EE-BA731AA0B4B9}.Debug|Any CPU.Build.0 = Debug|Any CPU
		{3E71397F-2CBD-4501-A0EE-BA731AA0B4B9}.Release|Any CPU.ActiveCfg = Release|Any CPU
		{3E71397F-2CBD-4501-A0EE-BA731AA0B4B9}.Release|Any CPU.Build.0 = Release|Any CPU
		{1B63F5BF-D0C6-4587-B7F8-D52717F55C4E}.Debug|Any CPU.ActiveCfg = Debug|Any CPU
		{1B63F5BF-D0C6-4587-B7F8-D52717F55C4E}.Debug|Any CPU.Build.0 = Debug|Any CPU
		{1B63F5BF-D0C6-4587-B7F8-D52717F55C4E}.Release|Any CPU.ActiveCfg = Release|Any CPU
		{1B63F5BF-D0C6-4587-B7F8-D52717F55C4E}.Release|Any CPU.Build.0 = Release|Any CPU
		{38315320-CB9B-447A-B0A9-DF51706FDFD6}.Debug|Any CPU.ActiveCfg = Debug|Any CPU
		{38315320-CB9B-447A-B0A9-DF51706FDFD6}.Debug|Any CPU.Build.0 = Debug|Any CPU
		{38315320-CB9B-447A-B0A9-DF51706FDFD6}.Release|Any CPU.ActiveCfg = Release|Any CPU
		{38315320-CB9B-447A-B0A9-DF51706FDFD6}.Release|Any CPU.Build.0 = Release|Any CPU
		{E8A414B0-1281-4586-A030-C5AC32588E55}.Debug|Any CPU.ActiveCfg = Debug|Any CPU
		{E8A414B0-1281-4586-A030-C5AC32588E55}.Debug|Any CPU.Build.0 = Debug|Any CPU
		{E8A414B0-1281-4586-A030-C5AC32588E55}.Release|Any CPU.ActiveCfg = Release|Any CPU
		{E8A414B0-1281-4586-A030-C5AC32588E55}.Release|Any CPU.Build.0 = Release|Any CPU
		{B9700C80-F9F2-4D7F-863A-1206002EFA73}.Debug|Any CPU.ActiveCfg = Debug|Any CPU
		{B9700C80-F9F2-4D7F-863A-1206002EFA73}.Debug|Any CPU.Build.0 = Debug|Any CPU
		{B9700C80-F9F2-4D7F-863A-1206002EFA73}.Release|Any CPU.ActiveCfg = Release|Any CPU
		{B9700C80-F9F2-4D7F-863A-1206002EFA73}.Release|Any CPU.Build.0 = Release|Any CPU
	EndGlobalSection
	GlobalSection(SolutionProperties) = preSolution
		HideSolutionNode = FALSE
	EndGlobalSection
	GlobalSection(NestedProjects) = preSolution
		{A8BA1066-5695-4D71-ABB4-65E5A5E0C3D4} = {CA285357-7BDD-42EC-AEBC-4CE404F391BD}
		{01296631-9383-4630-88B7-909B9AA67F87} = {CA285357-7BDD-42EC-AEBC-4CE404F391BD}
		{6DA8A54A-5870-448C-B95F-D86B9701FAB1} = {CA285357-7BDD-42EC-AEBC-4CE404F391BD}
		{3E71397F-2CBD-4501-A0EE-BA731AA0B4B9} = {C7B647EB-E459-4CD4-A601-546A1E9641CC}
		{1B63F5BF-D0C6-4587-B7F8-D52717F55C4E} = {CA285357-7BDD-42EC-AEBC-4CE404F391BD}
		{38315320-CB9B-447A-B0A9-DF51706FDFD6} = {C7B647EB-E459-4CD4-A601-546A1E9641CC}
		{E8A414B0-1281-4586-A030-C5AC32588E55} = {CA285357-7BDD-42EC-AEBC-4CE404F391BD}
		{B9700C80-F9F2-4D7F-863A-1206002EFA73} = {C7B647EB-E459-4CD4-A601-546A1E9641CC}
	EndGlobalSection
EndGlobal
