Microsoft Visual Studio Solution File, Format Version 12.00
# Visual Studio 15
VisualStudioVersion = 15.0.27004.2005
MinimumVisualStudioVersion = 10.0.40219.1
Project("{2150E333-8FDC-42A3-9474-1A3956D46DE8}") = "Api", "Api", "{B4D58911-F704-4D97-BEA0-82327567332D}"
EndProject
Project("{2150E333-8FDC-42A3-9474-1A3956D46DE8}") = "Apps", "Apps", "{0C2EAD52-F31B-40D7-AE89-2CE43FECE7EF}"
EndProject
Project("{2150E333-8FDC-42A3-9474-1A3956D46DE8}") = "Bots", "Bots", "{52BFF3AB-731D-4DFA-9617-5C546DBB8CF2}"
EndProject
Project("{2150E333-8FDC-42A3-9474-1A3956D46DE8}") = "Web", "Web", "{B74188B4-7CD5-4DAE-9819-85FEDCA8897D}"
EndProject
Project("{FAE04EC0-301F-11D3-BF4B-00C04F79EFBC}") = "DeviceBot", "Bots\DeviceBot\DeviceBot.csproj", "{A8BA1066-5695-4D71-ABB4-65E5A5E0C3D4}"
EndProject
Project("{2150E333-8FDC-42A3-9474-1A3956D46DE8}") = "IOT", "IOT", "{EF526954-6E7D-48A0-AB07-87B5BBF910B7}"
EndProject
Project("{FAE04EC0-301F-11D3-BF4B-00C04F79EFBC}") = "MyDevice", "MyDevice\MyDevice.csproj", "{C729C4D7-FF79-4C01-AADC-8BC1E3BA482F}"
EndProject
Project("{FAE04EC0-301F-11D3-BF4B-00C04F79EFBC}") = "DeviceTest", "Apps\DeviceTest\DeviceTest.csproj", "{43D67320-1AA8-4C56-BEE5-6BE9F9B00600}"
EndProject
Project("{FAE04EC0-301F-11D3-BF4B-00C04F79EFBC}") = "DeviceTestconsole", "Apps\DeviceTestconsole\DeviceTestconsole.csproj", "{79A3D2EE-0A5A-4404-BD0D-E064E637852E}"
EndProject
Project("{FAE04EC0-301F-11D3-BF4B-00C04F79EFBC}") = "DeviceBotWeb", "DeviceBotWeb\DeviceBotWeb.csproj", "{C34FDF1F-E67E-42E5-80DF-F579A0D659A7}"
EndProject
Project("{2150E333-8FDC-42A3-9474-1A3956D46DE8}") = "Functions", "Functions", "{2F88CD47-3885-4714-A6EE-D51E634C0AF1}"
EndProject
Project("{FAE04EC0-301F-11D3-BF4B-00C04F79EFBC}") = "BlockChainTest", "Apps\BlockChainTest\BlockChainTest.csproj", "{6876CF30-E117-45D0-83BB-5A07A4850F0E}"
EndProject
Project("{FAE04EC0-301F-11D3-BF4B-00C04F79EFBC}") = "ocrtest", "Apps\ocrtest\ocrtest.csproj", "{ED7B0D02-DCD1-4568-80DA-0EA5F3D56BE0}"
EndProject
Global
	GlobalSection(SolutionConfigurationPlatforms) = preSolution
		Debug|Any CPU = Debug|Any CPU
		Debug|ARM = Debug|ARM
		Debug|x64 = Debug|x64
		Debug|x86 = Debug|x86
		Release|Any CPU = Release|Any CPU
		Release|ARM = Release|ARM
		Release|x64 = Release|x64
		Release|x86 = Release|x86
	EndGlobalSection
	GlobalSection(ProjectConfigurationPlatforms) = postSolution
		{A8BA1066-5695-4D71-ABB4-65E5A5E0C3D4}.Debug|Any CPU.ActiveCfg = Debug|Any CPU
		{A8BA1066-5695-4D71-ABB4-65E5A5E0C3D4}.Debug|Any CPU.Build.0 = Debug|Any CPU
		{A8BA1066-5695-4D71-ABB4-65E5A5E0C3D4}.Debug|ARM.ActiveCfg = Debug|Any CPU
		{A8BA1066-5695-4D71-ABB4-65E5A5E0C3D4}.Debug|ARM.Build.0 = Debug|Any CPU
		{A8BA1066-5695-4D71-ABB4-65E5A5E0C3D4}.Debug|x64.ActiveCfg = Debug|Any CPU
		{A8BA1066-5695-4D71-ABB4-65E5A5E0C3D4}.Debug|x64.Build.0 = Debug|Any CPU
		{A8BA1066-5695-4D71-ABB4-65E5A5E0C3D4}.Debug|x86.ActiveCfg = Debug|Any CPU
		{A8BA1066-5695-4D71-ABB4-65E5A5E0C3D4}.Debug|x86.Build.0 = Debug|Any CPU
		{A8BA1066-5695-4D71-ABB4-65E5A5E0C3D4}.Release|Any CPU.ActiveCfg = Release|Any CPU
		{A8BA1066-5695-4D71-ABB4-65E5A5E0C3D4}.Release|Any CPU.Build.0 = Release|Any CPU
		{A8BA1066-5695-4D71-ABB4-65E5A5E0C3D4}.Release|ARM.ActiveCfg = Release|Any CPU
		{A8BA1066-5695-4D71-ABB4-65E5A5E0C3D4}.Release|ARM.Build.0 = Release|Any CPU
		{A8BA1066-5695-4D71-ABB4-65E5A5E0C3D4}.Release|x64.ActiveCfg = Release|Any CPU
		{A8BA1066-5695-4D71-ABB4-65E5A5E0C3D4}.Release|x64.Build.0 = Release|Any CPU
		{A8BA1066-5695-4D71-ABB4-65E5A5E0C3D4}.Release|x86.ActiveCfg = Release|Any CPU
		{A8BA1066-5695-4D71-ABB4-65E5A5E0C3D4}.Release|x86.Build.0 = Release|Any CPU
		{C729C4D7-FF79-4C01-AADC-8BC1E3BA482F}.Debug|Any CPU.ActiveCfg = Debug|x86
		{C729C4D7-FF79-4C01-AADC-8BC1E3BA482F}.Debug|ARM.ActiveCfg = Debug|ARM
		{C729C4D7-FF79-4C01-AADC-8BC1E3BA482F}.Debug|ARM.Build.0 = Debug|ARM
		{C729C4D7-FF79-4C01-AADC-8BC1E3BA482F}.Debug|ARM.Deploy.0 = Debug|ARM
		{C729C4D7-FF79-4C01-AADC-8BC1E3BA482F}.Debug|x64.ActiveCfg = Debug|x64
		{C729C4D7-FF79-4C01-AADC-8BC1E3BA482F}.Debug|x64.Build.0 = Debug|x64
		{C729C4D7-FF79-4C01-AADC-8BC1E3BA482F}.Debug|x64.Deploy.0 = Debug|x64
		{C729C4D7-FF79-4C01-AADC-8BC1E3BA482F}.Debug|x86.ActiveCfg = Debug|x86
		{C729C4D7-FF79-4C01-AADC-8BC1E3BA482F}.Debug|x86.Build.0 = Debug|x86
		{C729C4D7-FF79-4C01-AADC-8BC1E3BA482F}.Debug|x86.Deploy.0 = Debug|x86
		{C729C4D7-FF79-4C01-AADC-8BC1E3BA482F}.Release|Any CPU.ActiveCfg = Release|x86
		{C729C4D7-FF79-4C01-AADC-8BC1E3BA482F}.Release|ARM.ActiveCfg = Release|ARM
		{C729C4D7-FF79-4C01-AADC-8BC1E3BA482F}.Release|ARM.Build.0 = Release|ARM
		{C729C4D7-FF79-4C01-AADC-8BC1E3BA482F}.Release|ARM.Deploy.0 = Release|ARM
		{C729C4D7-FF79-4C01-AADC-8BC1E3BA482F}.Release|x64.ActiveCfg = Release|x64
		{C729C4D7-FF79-4C01-AADC-8BC1E3BA482F}.Release|x64.Build.0 = Release|x64
		{C729C4D7-FF79-4C01-AADC-8BC1E3BA482F}.Release|x64.Deploy.0 = Release|x64
		{C729C4D7-FF79-4C01-AADC-8BC1E3BA482F}.Release|x86.ActiveCfg = Release|x86
		{C729C4D7-FF79-4C01-AADC-8BC1E3BA482F}.Release|x86.Build.0 = Release|x86
		{C729C4D7-FF79-4C01-AADC-8BC1E3BA482F}.Release|x86.Deploy.0 = Release|x86
		{43D67320-1AA8-4C56-BEE5-6BE9F9B00600}.Debug|Any CPU.ActiveCfg = Debug|Any CPU
		{43D67320-1AA8-4C56-BEE5-6BE9F9B00600}.Debug|Any CPU.Build.0 = Debug|Any CPU
		{43D67320-1AA8-4C56-BEE5-6BE9F9B00600}.Debug|ARM.ActiveCfg = Debug|Any CPU
		{43D67320-1AA8-4C56-BEE5-6BE9F9B00600}.Debug|ARM.Build.0 = Debug|Any CPU
		{43D67320-1AA8-4C56-BEE5-6BE9F9B00600}.Debug|x64.ActiveCfg = Debug|Any CPU
		{43D67320-1AA8-4C56-BEE5-6BE9F9B00600}.Debug|x64.Build.0 = Debug|Any CPU
		{43D67320-1AA8-4C56-BEE5-6BE9F9B00600}.Debug|x86.ActiveCfg = Debug|Any CPU
		{43D67320-1AA8-4C56-BEE5-6BE9F9B00600}.Debug|x86.Build.0 = Debug|Any CPU
		{43D67320-1AA8-4C56-BEE5-6BE9F9B00600}.Release|Any CPU.ActiveCfg = Release|Any CPU
		{43D67320-1AA8-4C56-BEE5-6BE9F9B00600}.Release|Any CPU.Build.0 = Release|Any CPU
		{43D67320-1AA8-4C56-BEE5-6BE9F9B00600}.Release|ARM.ActiveCfg = Release|Any CPU
		{43D67320-1AA8-4C56-BEE5-6BE9F9B00600}.Release|ARM.Build.0 = Release|Any CPU
		{43D67320-1AA8-4C56-BEE5-6BE9F9B00600}.Release|x64.ActiveCfg = Release|Any CPU
		{43D67320-1AA8-4C56-BEE5-6BE9F9B00600}.Release|x64.Build.0 = Release|Any CPU
		{43D67320-1AA8-4C56-BEE5-6BE9F9B00600}.Release|x86.ActiveCfg = Release|Any CPU
		{43D67320-1AA8-4C56-BEE5-6BE9F9B00600}.Release|x86.Build.0 = Release|Any CPU
		{79A3D2EE-0A5A-4404-BD0D-E064E637852E}.Debug|Any CPU.ActiveCfg = Debug|Any CPU
		{79A3D2EE-0A5A-4404-BD0D-E064E637852E}.Debug|Any CPU.Build.0 = Debug|Any CPU
		{79A3D2EE-0A5A-4404-BD0D-E064E637852E}.Debug|ARM.ActiveCfg = Debug|Any CPU
		{79A3D2EE-0A5A-4404-BD0D-E064E637852E}.Debug|ARM.Build.0 = Debug|Any CPU
		{79A3D2EE-0A5A-4404-BD0D-E064E637852E}.Debug|x64.ActiveCfg = Debug|Any CPU
		{79A3D2EE-0A5A-4404-BD0D-E064E637852E}.Debug|x64.Build.0 = Debug|Any CPU
		{79A3D2EE-0A5A-4404-BD0D-E064E637852E}.Debug|x86.ActiveCfg = Debug|Any CPU
		{79A3D2EE-0A5A-4404-BD0D-E064E637852E}.Debug|x86.Build.0 = Debug|Any CPU
		{79A3D2EE-0A5A-4404-BD0D-E064E637852E}.Release|Any CPU.ActiveCfg = Release|Any CPU
		{79A3D2EE-0A5A-4404-BD0D-E064E637852E}.Release|Any CPU.Build.0 = Release|Any CPU
		{79A3D2EE-0A5A-4404-BD0D-E064E637852E}.Release|ARM.ActiveCfg = Release|Any CPU
		{79A3D2EE-0A5A-4404-BD0D-E064E637852E}.Release|ARM.Build.0 = Release|Any CPU
		{79A3D2EE-0A5A-4404-BD0D-E064E637852E}.Release|x64.ActiveCfg = Release|Any CPU
		{79A3D2EE-0A5A-4404-BD0D-E064E637852E}.Release|x64.Build.0 = Release|Any CPU
		{79A3D2EE-0A5A-4404-BD0D-E064E637852E}.Release|x86.ActiveCfg = Release|Any CPU
		{79A3D2EE-0A5A-4404-BD0D-E064E637852E}.Release|x86.Build.0 = Release|Any CPU
		{C34FDF1F-E67E-42E5-80DF-F579A0D659A7}.Debug|Any CPU.ActiveCfg = Debug|Any CPU
		{C34FDF1F-E67E-42E5-80DF-F579A0D659A7}.Debug|Any CPU.Build.0 = Debug|Any CPU
		{C34FDF1F-E67E-42E5-80DF-F579A0D659A7}.Debug|ARM.ActiveCfg = Debug|Any CPU
		{C34FDF1F-E67E-42E5-80DF-F579A0D659A7}.Debug|ARM.Build.0 = Debug|Any CPU
		{C34FDF1F-E67E-42E5-80DF-F579A0D659A7}.Debug|x64.ActiveCfg = Debug|Any CPU
		{C34FDF1F-E67E-42E5-80DF-F579A0D659A7}.Debug|x64.Build.0 = Debug|Any CPU
		{C34FDF1F-E67E-42E5-80DF-F579A0D659A7}.Debug|x86.ActiveCfg = Debug|Any CPU
		{C34FDF1F-E67E-42E5-80DF-F579A0D659A7}.Debug|x86.Build.0 = Debug|Any CPU
		{C34FDF1F-E67E-42E5-80DF-F579A0D659A7}.Release|Any CPU.ActiveCfg = Release|Any CPU
		{C34FDF1F-E67E-42E5-80DF-F579A0D659A7}.Release|Any CPU.Build.0 = Release|Any CPU
		{C34FDF1F-E67E-42E5-80DF-F579A0D659A7}.Release|ARM.ActiveCfg = Release|Any CPU
		{C34FDF1F-E67E-42E5-80DF-F579A0D659A7}.Release|ARM.Build.0 = Release|Any CPU
		{C34FDF1F-E67E-42E5-80DF-F579A0D659A7}.Release|x64.ActiveCfg = Release|Any CPU
		{C34FDF1F-E67E-42E5-80DF-F579A0D659A7}.Release|x64.Build.0 = Release|Any CPU
		{C34FDF1F-E67E-42E5-80DF-F579A0D659A7}.Release|x86.ActiveCfg = Release|Any CPU
		{C34FDF1F-E67E-42E5-80DF-F579A0D659A7}.Release|x86.Build.0 = Release|Any CPU
		{6876CF30-E117-45D0-83BB-5A07A4850F0E}.Debug|Any CPU.ActiveCfg = Debug|Any CPU
		{6876CF30-E117-45D0-83BB-5A07A4850F0E}.Debug|Any CPU.Build.0 = Debug|Any CPU
		{6876CF30-E117-45D0-83BB-5A07A4850F0E}.Debug|ARM.ActiveCfg = Debug|Any CPU
		{6876CF30-E117-45D0-83BB-5A07A4850F0E}.Debug|ARM.Build.0 = Debug|Any CPU
		{6876CF30-E117-45D0-83BB-5A07A4850F0E}.Debug|x64.ActiveCfg = Debug|Any CPU
		{6876CF30-E117-45D0-83BB-5A07A4850F0E}.Debug|x64.Build.0 = Debug|Any CPU
		{6876CF30-E117-45D0-83BB-5A07A4850F0E}.Debug|x86.ActiveCfg = Debug|Any CPU
		{6876CF30-E117-45D0-83BB-5A07A4850F0E}.Debug|x86.Build.0 = Debug|Any CPU
		{6876CF30-E117-45D0-83BB-5A07A4850F0E}.Release|Any CPU.ActiveCfg = Release|Any CPU
		{6876CF30-E117-45D0-83BB-5A07A4850F0E}.Release|Any CPU.Build.0 = Release|Any CPU
		{6876CF30-E117-45D0-83BB-5A07A4850F0E}.Release|ARM.ActiveCfg = Release|Any CPU
		{6876CF30-E117-45D0-83BB-5A07A4850F0E}.Release|ARM.Build.0 = Release|Any CPU
		{6876CF30-E117-45D0-83BB-5A07A4850F0E}.Release|x64.ActiveCfg = Release|Any CPU
		{6876CF30-E117-45D0-83BB-5A07A4850F0E}.Release|x64.Build.0 = Release|Any CPU
		{6876CF30-E117-45D0-83BB-5A07A4850F0E}.Release|x86.ActiveCfg = Release|Any CPU
		{6876CF30-E117-45D0-83BB-5A07A4850F0E}.Release|x86.Build.0 = Release|Any CPU
		{ED7B0D02-DCD1-4568-80DA-0EA5F3D56BE0}.Debug|Any CPU.ActiveCfg = Debug|Any CPU
		{ED7B0D02-DCD1-4568-80DA-0EA5F3D56BE0}.Debug|Any CPU.Build.0 = Debug|Any CPU
		{ED7B0D02-DCD1-4568-80DA-0EA5F3D56BE0}.Debug|ARM.ActiveCfg = Debug|Any CPU
		{ED7B0D02-DCD1-4568-80DA-0EA5F3D56BE0}.Debug|ARM.Build.0 = Debug|Any CPU
		{ED7B0D02-DCD1-4568-80DA-0EA5F3D56BE0}.Debug|x64.ActiveCfg = Debug|Any CPU
		{ED7B0D02-DCD1-4568-80DA-0EA5F3D56BE0}.Debug|x64.Build.0 = Debug|Any CPU
		{ED7B0D02-DCD1-4568-80DA-0EA5F3D56BE0}.Debug|x86.ActiveCfg = Debug|Any CPU
		{ED7B0D02-DCD1-4568-80DA-0EA5F3D56BE0}.Debug|x86.Build.0 = Debug|Any CPU
		{ED7B0D02-DCD1-4568-80DA-0EA5F3D56BE0}.Release|Any CPU.ActiveCfg = Release|Any CPU
		{ED7B0D02-DCD1-4568-80DA-0EA5F3D56BE0}.Release|Any CPU.Build.0 = Release|Any CPU
		{ED7B0D02-DCD1-4568-80DA-0EA5F3D56BE0}.Release|ARM.ActiveCfg = Release|Any CPU
		{ED7B0D02-DCD1-4568-80DA-0EA5F3D56BE0}.Release|ARM.Build.0 = Release|Any CPU
		{ED7B0D02-DCD1-4568-80DA-0EA5F3D56BE0}.Release|x64.ActiveCfg = Release|Any CPU
		{ED7B0D02-DCD1-4568-80DA-0EA5F3D56BE0}.Release|x64.Build.0 = Release|Any CPU
		{ED7B0D02-DCD1-4568-80DA-0EA5F3D56BE0}.Release|x86.ActiveCfg = Release|Any CPU
		{ED7B0D02-DCD1-4568-80DA-0EA5F3D56BE0}.Release|x86.Build.0 = Release|Any CPU
	EndGlobalSection
	GlobalSection(SolutionProperties) = preSolution
		HideSolutionNode = FALSE
	EndGlobalSection
	GlobalSection(NestedProjects) = preSolution
		{A8BA1066-5695-4D71-ABB4-65E5A5E0C3D4} = {52BFF3AB-731D-4DFA-9617-5C546DBB8CF2}
		{C729C4D7-FF79-4C01-AADC-8BC1E3BA482F} = {EF526954-6E7D-48A0-AB07-87B5BBF910B7}
		{43D67320-1AA8-4C56-BEE5-6BE9F9B00600} = {0C2EAD52-F31B-40D7-AE89-2CE43FECE7EF}
		{79A3D2EE-0A5A-4404-BD0D-E064E637852E} = {0C2EAD52-F31B-40D7-AE89-2CE43FECE7EF}
		{C34FDF1F-E67E-42E5-80DF-F579A0D659A7} = {B74188B4-7CD5-4DAE-9819-85FEDCA8897D}
		{6876CF30-E117-45D0-83BB-5A07A4850F0E} = {0C2EAD52-F31B-40D7-AE89-2CE43FECE7EF}
		{ED7B0D02-DCD1-4568-80DA-0EA5F3D56BE0} = {0C2EAD52-F31B-40D7-AE89-2CE43FECE7EF}
	EndGlobalSection
	GlobalSection(ExtensibilityGlobals) = postSolution
		SolutionGuid = {47FE1142-1594-408C-BA2B-59AEC802FC05}
		EnterpriseLibraryConfigurationToolBinariesPathV6 = packages\EnterpriseLibrary.TransientFaultHandling.6.0.1304.0\lib\portable-net45+win+wp8
	EndGlobalSection
EndGlobal
